
Microsoft Visual Studio Solution File, Format Version 12.00
# Visual Studio Version 17
VisualStudioVersion = 17.7.34031.279
MinimumVisualStudioVersion = 10.0.40219.1
Project("{FAE04EC0-301F-11D3-BF4B-00C04F79EFBC}") = "RentForRoom", "RentForRoom\RentForRoom.csproj", "{5E08B0AB-722A-475E-BBCE-E48A471E687E}"
EndProject
Global
	GlobalSection(SolutionConfigurationPlatforms) = preSolution
		Debug|Any CPU = Debug|Any CPU
		Release|Any CPU = Release|Any CPU
	EndGlobalSection
	GlobalSection(ProjectConfigurationPlatforms) = postSolution
		{5E08B0AB-722A-475E-BBCE-E48A471E687E}.Debug|Any CPU.ActiveCfg = Debug|Any CPU
		{5E08B0AB-722A-475E-BBCE-E48A471E687E}.Debug|Any CPU.Build.0 = Debug|Any CPU
		{5E08B0AB-722A-475E-BBCE-E48A471E687E}.Release|Any CPU.ActiveCfg = Release|Any CPU
		{5E08B0AB-722A-475E-BBCE-E48A471E687E}.Release|Any CPU.Build.0 = Release|Any CPU
	EndGlobalSection
	GlobalSection(SolutionProperties) = preSolution
		HideSolutionNode = FALSE
	EndGlobalSection
	GlobalSection(ExtensibilityGlobals) = postSolution
		SolutionGuid = {D8A79A58-0AEE-43A1-8FDC-E9E9C2C73530}
	EndGlobalSection
EndGlobal
